{
  "name": "postgrest-dist",
  "version": "v12.0.2-2",
  "lockfileVersion": 3,
  "requires": true,
  "packages": {
    "": {
      "name": "postgrest-dist",
      "version": "v12.0.2-2",
      "license": "MIT",
      "optionalDependencies": {
        "postgrest-dist-darwin-x64": "v12.0.2-2",
        "postgrest-dist-linux-arm64": "v12.0.2-2",
        "postgrest-dist-linux-x64": "v12.0.2-2",
        "postgrest-dist-win32-x64": "v12.0.2-2"
      }
    },
    "node_modules/postgrest-dist-darwin-x64": {
      "version": "12.0.2-2",
      "resolved": "https://registry.npmjs.org/postgrest-dist-darwin-x64/-/postgrest-dist-darwin-x64-12.0.2-2.tgz",
      "integrity": "sha512-eJjHbVsT9/6V8MjQc7SWIOzpEXwhJiXH7DtsgxGyV6pLvfFqRZqwGpQq80YA5tfZ5GVPv2zwZokcb8W42eNE4w==",
      "cpu": [
        "x64"
      ],
      "optional": true,
      "os": [
        "darwin"
      ],
      "bin": {
        "postgrest-dist-darwin-x64": "postgrest"
      }
    },
    "node_modules/postgrest-dist-linux-arm64": {
      "version": "12.0.2-2",
      "resolved": "https://registry.npmjs.org/postgrest-dist-linux-arm64/-/postgrest-dist-linux-arm64-12.0.2-2.tgz",
      "integrity": "sha512-JKm71FL+ouho2G900znVuZRWwqnfOAh/aBVmY5s01NBQTr8bEr6KEmuDZnPdwL01PE7Pp22S0i//qa93hZk1dA==",
      "cpu": [
        "arm64"
      ],
      "optional": true,
      "os": [
        "linux"
      ],
      "bin": {
        "postgrest-dist-linux-arm64": "postgrest"
      }
    },
    "node_modules/postgrest-dist-linux-x64": {
      "version": "12.0.2-2",
      "resolved": "https://registry.npmjs.org/postgrest-dist-linux-x64/-/postgrest-dist-linux-x64-12.0.2-2.tgz",
      "integrity": "sha512-YdoDWSnozHr5oQO+oNPeE3U8X+Kzjyh8XUW/j1p9O/Ly53a5Ll3rG93CtCh42It5jf/3470msMPURUQ9BtWbrg==",
      "cpu": [
        "x64"
      ],
      "optional": true,
      "os": [
        "linux"
      ],
      "bin": {
        "postgrest-dist-linux-x64": "postgrest"
      }
    }
  }
}
