{
  "name": "postgrest-dist",
  "version": "v12.0.1-2",
  "lockfileVersion": 3,
  "requires": true,
  "packages": {
    "": {
      "name": "postgrest-dist",
      "version": "v12.0.1-2",
      "license": "MIT",
      "optionalDependencies": {
        "postgrest-dist-darwin-x64": "v12.0.1-2",
        "postgrest-dist-linux-arm64": "v12.0.1-2",
        "postgrest-dist-linux-x64": "v12.0.1-2",
        "postgrest-dist-win32-x64": "v12.0.1-2"
      }
    },
    "node_modules/postgrest-dist-darwin-x64": {
      "version": "12.0.1-2",
      "resolved": "https://registry.npmjs.org/postgrest-dist-darwin-x64/-/postgrest-dist-darwin-x64-12.0.1-2.tgz",
      "integrity": "sha512-5Bb5zMMvGqy7m8EJrVXl9H/F+PV3jq5hVKBokEebVMIbaz3/0DKeZAZN0WroRBHERfCbuNWD5lLNvPZnj3gcFw==",
      "cpu": [
        "x64"
      ],
      "optional": true,
      "os": [
        "darwin"
      ],
      "bin": {
        "postgrest-dist-darwin-x64": "postgrest"
      }
    },
    "node_modules/postgrest-dist-linux-arm64": {
      "version": "12.0.1-2",
      "resolved": "https://registry.npmjs.org/postgrest-dist-linux-arm64/-/postgrest-dist-linux-arm64-12.0.1-2.tgz",
      "integrity": "sha512-hl9DNwc91eyehUxDOvQ11Nfpjagphti3ma2UXtPZ5M618BEPIkTorEgSVf3DpJ9w2Ymkx2zHB0gZK5X3WQfj1Q==",
      "cpu": [
        "arm64"
      ],
      "optional": true,
      "os": [
        "linux"
      ],
      "bin": {
        "postgrest-dist-linux-arm64": "postgrest"
      }
    },
    "node_modules/postgrest-dist-linux-x64": {
      "version": "12.0.1-2",
      "resolved": "https://registry.npmjs.org/postgrest-dist-linux-x64/-/postgrest-dist-linux-x64-12.0.1-2.tgz",
      "integrity": "sha512-zpqB18ugCqNflz8CUS0r9JAKVPhRBTZ7JCenEzWpbhQQCIMbfyd2DqEz8t5PGeNastdTQ8qGUeXXaHi7itpZGQ==",
      "cpu": [
        "x64"
      ],
      "optional": true,
      "os": [
        "linux"
      ],
      "bin": {
        "postgrest-dist-linux-x64": "postgrest"
      }
    },
    "node_modules/postgrest-dist-win32-x64": {
      "version": "12.0.1-2",
      "resolved": "https://registry.npmjs.org/postgrest-dist-win32-x64/-/postgrest-dist-win32-x64-12.0.1-2.tgz",
      "integrity": "sha512-7nWKGPJICP/fcDXQsNZkHU13SspbG1ArnxTF3l+xl/RBLHnzbqwENAb2XOYMVoRnI9RxmHA/zddpIVqXWg69RQ==",
      "cpu": [
        "x64"
      ],
      "optional": true,
      "os": [
        "win32"
      ],
      "bin": {
        "postgrest-dist-win32-x64": "postgrest.exe"
      }
    }
  }
}
