{
  "name": "postgrest-dist",
  "version": "v12.0.0-2",
  "lockfileVersion": 3,
  "requires": true,
  "packages": {
    "": {
      "name": "postgrest-dist",
      "version": "v12.0.0-2",
      "license": "MIT",
      "optionalDependencies": {
        "postgrest-dist-darwin-x64": "v12.0.0-2",
        "postgrest-dist-linux-arm64": "v12.0.0-2",
        "postgrest-dist-linux-x64": "v12.0.0-2",
        "postgrest-dist-win32-x64": "v12.0.0-2"
      }
    },
    "node_modules/postgrest-dist-darwin-x64": {
      "version": "12.0.0-2",
      "resolved": "https://registry.npmjs.org/postgrest-dist-darwin-x64/-/postgrest-dist-darwin-x64-12.0.0-2.tgz",
      "integrity": "sha512-2zjxi7W0ehG+wYHmb3BtoPNMnIZ3VVmaLJlwIhGvA4heHOEUrqrAhqp5IPD1TG0d70+ZCe9V6Z6pH2p5p2OO5g==",
      "cpu": [
        "x64"
      ],
      "optional": true,
      "os": [
        "darwin"
      ],
      "bin": {
        "postgrest-dist-darwin-x64": "postgrest"
      }
    },
    "node_modules/postgrest-dist-linux-arm64": {
      "version": "12.0.0-2",
      "resolved": "https://registry.npmjs.org/postgrest-dist-linux-arm64/-/postgrest-dist-linux-arm64-12.0.0-2.tgz",
      "integrity": "sha512-9xurOqawQLC+1iWCGJ1zCERZLA6UM3MuQmjuWlG+znnCJean00BetNuFqOcKPUhor5Qyf4q3SjeRi4jHhoOY3A==",
      "cpu": [
        "arm64"
      ],
      "optional": true,
      "os": [
        "linux"
      ],
      "bin": {
        "postgrest-dist-linux-arm64": "postgrest"
      }
    },
    "node_modules/postgrest-dist-linux-x64": {
      "version": "12.0.0-2",
      "resolved": "https://registry.npmjs.org/postgrest-dist-linux-x64/-/postgrest-dist-linux-x64-12.0.0-2.tgz",
      "integrity": "sha512-2X+4l6w9rEj4kHNbsJS4oHXdT2errS18zVRdDnIxjQeu3FUUXiMhWdrDh7NFHoxnH96jO6FcG6+RtOWSST+1IA==",
      "cpu": [
        "x64"
      ],
      "optional": true,
      "os": [
        "linux"
      ],
      "bin": {
        "postgrest-dist-linux-x64": "postgrest"
      }
    },
    "node_modules/postgrest-dist-win32-x64": {
      "version": "12.0.0-2",
      "resolved": "https://registry.npmjs.org/postgrest-dist-win32-x64/-/postgrest-dist-win32-x64-12.0.0-2.tgz",
      "integrity": "sha512-coEqxINCGo9aWnd3txh721hFQIOnpLWvfsbbLgPcYRgFlPQYqYH/QYScqzj7lRmoterzVhJbg6sqAL+I3mw+5g==",
      "cpu": [
        "x64"
      ],
      "optional": true,
      "os": [
        "win32"
      ],
      "bin": {
        "postgrest-dist-win32-x64": "postgrest.exe"
      }
    }
  }
}
